
Microsoft Visual Studio Solution File, Format Version 12.00
# Visual Studio 15
VisualStudioVersion = 15.0.28307.271
MinimumVisualStudioVersion = 10.0.40219.1
Project("{8BC9CEB8-8B4A-11D0-8D11-00A0C91BC942}") = "quadratic", "quadratic\quadratic.vcxproj", "{AAB6B9E2-538D-4EC7-8322-7EF77552AC0A}"
EndProject
Global
	GlobalSection(SolutionConfigurationPlatforms) = preSolution
		Debug|x64 = Debug|x64
		Debug|x86 = Debug|x86
		Release|x64 = Release|x64
		Release|x86 = Release|x86
	EndGlobalSection
	GlobalSection(ProjectConfigurationPlatforms) = postSolution
		{AAB6B9E2-538D-4EC7-8322-7EF77552AC0A}.Debug|x64.ActiveCfg = Debug|x64
		{AAB6B9E2-538D-4EC7-8322-7EF77552AC0A}.Debug|x64.Build.0 = Debug|x64
		{AAB6B9E2-538D-4EC7-8322-7EF77552AC0A}.Debug|x86.ActiveCfg = Debug|Win32
		{AAB6B9E2-538D-4EC7-8322-7EF77552AC0A}.Debug|x86.Build.0 = Debug|Win32
		{AAB6B9E2-538D-4EC7-8322-7EF77552AC0A}.Release|x64.ActiveCfg = Release|x64
		{AAB6B9E2-538D-4EC7-8322-7EF77552AC0A}.Release|x64.Build.0 = Release|x64
		{AAB6B9E2-538D-4EC7-8322-7EF77552AC0A}.Release|x86.ActiveCfg = Release|Win32
		{AAB6B9E2-538D-4EC7-8322-7EF77552AC0A}.Release|x86.Build.0 = Release|Win32
	EndGlobalSection
	GlobalSection(SolutionProperties) = preSolution
		HideSolutionNode = FALSE
	EndGlobalSection
	GlobalSection(ExtensibilityGlobals) = postSolution
		SolutionGuid = {30098845-29FD-4448-8B76-538B3C183FD7}
	EndGlobalSection
EndGlobal
